// !$*UTF8*$!
{
	archiveVersion = 1;
	classes = {
	};
	objectVersion = 56;
	objects = {

/* Begin PBXBuildFile section */
		61AAAE8F290D879E0039D039 /* SecondHand3App.swift in Sources */ = {isa = PBXBuildFile; fileRef = 61AAAE8E290D879E0039D039 /* SecondHand3App.swift */; };
		61AAAE91290D879E0039D039 /* LoginView.swift in Sources */ = {isa = PBXBuildFile; fileRef = 61AAAE90290D879E0039D039 /* LoginView.swift */; };
		61AAAE93290D879F0039D039 /* Assets.xcassets in Resources */ = {isa = PBXBuildFile; fileRef = 61AAAE92290D879F0039D039 /* Assets.xcassets */; };
		61AAAE96290D879F0039D039 /* Preview Assets.xcassets in Resources */ = {isa = PBXBuildFile; fileRef = 61AAAE95290D879F0039D039 /* Preview Assets.xcassets */; };
		61AAAE9D290D87E30039D039 /* GoogleService-Info.plist in Resources */ = {isa = PBXBuildFile; fileRef = 61AAAE9C290D87E30039D039 /* GoogleService-Info.plist */; };
		61AAAEA6290D89280039D039 /* GoogleSignIn in Frameworks */ = {isa = PBXBuildFile; productRef = 61AAAEA5290D89280039D039 /* GoogleSignIn */; };
		61AAAEA8290D89280039D039 /* GoogleSignInSwift in Frameworks */ = {isa = PBXBuildFile; productRef = 61AAAEA7290D89280039D039 /* GoogleSignInSwift */; };
		61AAAEAA290D8B1B0039D039 /* GoogleSignIn.swift in Sources */ = {isa = PBXBuildFile; fileRef = 61AAAEA9290D8B1B0039D039 /* GoogleSignIn.swift */; };
		61AAAEAD290D90F90039D039 /* FacebookCore in Frameworks */ = {isa = PBXBuildFile; productRef = 61AAAEAC290D90F90039D039 /* FacebookCore */; };
		61AAAEAF290D90F90039D039 /* FacebookLogin in Frameworks */ = {isa = PBXBuildFile; productRef = 61AAAEAE290D90F90039D039 /* FacebookLogin */; };
		61AAAEB1290D92D20039D039 /* fbSignIn.swift in Sources */ = {isa = PBXBuildFile; fileRef = 61AAAEB0290D92D20039D039 /* fbSignIn.swift */; };
		61AAAEB3290DD0F20039D039 /* FirebaseSignIn.swift in Sources */ = {isa = PBXBuildFile; fileRef = 61AAAEB2290DD0F20039D039 /* FirebaseSignIn.swift */; };
		61AAAEB5290DD4820039D039 /* AppLogger.swift in Sources */ = {isa = PBXBuildFile; fileRef = 61AAAEB4290DD4820039D039 /* AppLogger.swift */; };
		61AAAEB8290DD4E00039D039 /* Swinject in Frameworks */ = {isa = PBXBuildFile; productRef = 61AAAEB7290DD4E00039D039 /* Swinject */; };
		61AAAEBA290E7A420039D039 /* DIAssembler.swift in Sources */ = {isa = PBXBuildFile; fileRef = 61AAAEB9290E7A420039D039 /* DIAssembler.swift */; };
		61AAAEBC290E7B790039D039 /* DI_Logger.swift in Sources */ = {isa = PBXBuildFile; fileRef = 61AAAEBB290E7B790039D039 /* DI_Logger.swift */; };
		61AAAEC0290EC10A0039D039 /* LoggingState.swift in Sources */ = {isa = PBXBuildFile; fileRef = 61AAAEBF290EC10A0039D039 /* LoggingState.swift */; };
		61AAAEC3290FD04C0039D039 /* LoginVM.swift in Sources */ = {isa = PBXBuildFile; fileRef = 61AAAEC2290FD04C0039D039 /* LoginVM.swift */; };
		61AAAEC5290FE5A10039D039 /* RegisterEmailView.swift in Sources */ = {isa = PBXBuildFile; fileRef = 61AAAEC4290FE5A10039D039 /* RegisterEmailView.swift */; };
		61AAAEC7290FE6640039D039 /* RegisterEmailVM.swift in Sources */ = {isa = PBXBuildFile; fileRef = 61AAAEC6290FE6640039D039 /* RegisterEmailVM.swift */; };
		61AAAEC929103E4C0039D039 /* SignInWithCorrectProviderView.swift in Sources */ = {isa = PBXBuildFile; fileRef = 61AAAEC829103E4C0039D039 /* SignInWithCorrectProviderView.swift */; };
		61AAAECB29103E720039D039 /* SignInWithCorrectProviderVM.swift in Sources */ = {isa = PBXBuildFile; fileRef = 61AAAECA29103E720039D039 /* SignInWithCorrectProviderVM.swift */; };
		61AAAECD291045A10039D039 /* TestView.swift in Sources */ = {isa = PBXBuildFile; fileRef = 61AAAECC291045A10039D039 /* TestView.swift */; };
		61AAAECF29111D940039D039 /* Announce.swift in Sources */ = {isa = PBXBuildFile; fileRef = 61AAAECE29111D940039D039 /* Announce.swift */; };
		61AAAF0B291124350039D039 /* FirebaseAuth in Frameworks */ = {isa = PBXBuildFile; productRef = 61AAAF0A291124350039D039 /* FirebaseAuth */; };
		61AAAF0D291124350039D039 /* FirebaseAuthCombine-Community in Frameworks */ = {isa = PBXBuildFile; productRef = 61AAAF0C291124350039D039 /* FirebaseAuthCombine-Community */; };
		61AAAF0F291124350039D039 /* FirebaseFirestore in Frameworks */ = {isa = PBXBuildFile; productRef = 61AAAF0E291124350039D039 /* FirebaseFirestore */; };
		61AAAF11291124350039D039 /* FirebaseFirestoreCombine-Community in Frameworks */ = {isa = PBXBuildFile; productRef = 61AAAF10291124350039D039 /* FirebaseFirestoreCombine-Community */; };
		61AAAF13291124350039D039 /* FirebaseFirestoreSwift in Frameworks */ = {isa = PBXBuildFile; productRef = 61AAAF12291124350039D039 /* FirebaseFirestoreSwift */; };
		61AAAF15291124350039D039 /* FirebaseStorage in Frameworks */ = {isa = PBXBuildFile; productRef = 61AAAF14291124350039D039 /* FirebaseStorage */; };
		61AAAF17291124350039D039 /* FirebaseStorageCombine-Community in Frameworks */ = {isa = PBXBuildFile; productRef = 61AAAF16291124350039D039 /* FirebaseStorageCombine-Community */; };
		61AAAF1A291126290039D039 /* AnnounceRepo.swift in Sources */ = {isa = PBXBuildFile; fileRef = 61AAAF19291126290039D039 /* AnnounceRepo.swift */; };
		61AAAF1C291126560039D039 /* FirebaseAnnounce.swift in Sources */ = {isa = PBXBuildFile; fileRef = 61AAAF1B291126560039D039 /* FirebaseAnnounce.swift */; };
		61AAAF1E29112A340039D039 /* AnnounceView.swift in Sources */ = {isa = PBXBuildFile; fileRef = 61AAAF1D29112A340039D039 /* AnnounceView.swift */; };
		61AAAF2029112ADF0039D039 /* AnnouncesListVM.swift in Sources */ = {isa = PBXBuildFile; fileRef = 61AAAF1F29112ADF0039D039 /* AnnouncesListVM.swift */; };
		61AAAF22291145790039D039 /* MainTabView.swift in Sources */ = {isa = PBXBuildFile; fileRef = 61AAAF21291145790039D039 /* MainTabView.swift */; };
		61AAAF24291154D60039D039 /* getAnnounceDI.swift in Sources */ = {isa = PBXBuildFile; fileRef = 61AAAF23291154D60039D039 /* getAnnounceDI.swift */; };
		61AAAF2A291274110039D039 /* NukeUI in Frameworks */ = {isa = PBXBuildFile; productRef = 61AAAF29291274110039D039 /* NukeUI */; };
		61AAAF2D29139A560039D039 /* FirebaseCategories.swift in Sources */ = {isa = PBXBuildFile; fileRef = 61AAAF2C29139A560039D039 /* FirebaseCategories.swift */; };
		61AAAF2F29139AF90039D039 /* Category.swift in Sources */ = {isa = PBXBuildFile; fileRef = 61AAAF2E29139AF90039D039 /* Category.swift */; };
		61AAAF3129139CB20039D039 /* CategoriesViewVM.swift in Sources */ = {isa = PBXBuildFile; fileRef = 61AAAF3029139CB20039D039 /* CategoriesViewVM.swift */; };
		61AAAF3329139CF60039D039 /* CategoriesDI.swift in Sources */ = {isa = PBXBuildFile; fileRef = 61AAAF3229139CF60039D039 /* CategoriesDI.swift */; };
		61AAAF3529139E210039D039 /* listOfCategoriesView.swift in Sources */ = {isa = PBXBuildFile; fileRef = 61AAAF3429139E210039D039 /* listOfCategoriesView.swift */; };
		61AAAF37291413650039D039 /* SearchFilterView.swift in Sources */ = {isa = PBXBuildFile; fileRef = 61AAAF36291413650039D039 /* SearchFilterView.swift */; };
		61AAAF39291421300039D039 /* SearchFilterVM.swift in Sources */ = {isa = PBXBuildFile; fileRef = 61AAAF38291421300039D039 /* SearchFilterVM.swift */; };
		61AAAF3B2915177A0039D039 /* HomePageView.swift in Sources */ = {isa = PBXBuildFile; fileRef = 61AAAF3A2915177A0039D039 /* HomePageView.swift */; };
		61AAAF49291657700039D039 /* CreateAnnounceStartView.swift in Sources */ = {isa = PBXBuildFile; fileRef = 61AAAF48291657700039D039 /* CreateAnnounceStartView.swift */; };
		61AAAF4B29165EE20039D039 /* CreateAnnounceVM.swift in Sources */ = {isa = PBXBuildFile; fileRef = 61AAAF4A29165EE20039D039 /* CreateAnnounceVM.swift */; };
		61AAAF4D2916A7830039D039 /* ImagePicker.swift in Sources */ = {isa = PBXBuildFile; fileRef = 61AAAF4C2916A7830039D039 /* ImagePicker.swift */; };
		61AAAF4F2916AA6C0039D039 /* PhotoUploadView.swift in Sources */ = {isa = PBXBuildFile; fileRef = 61AAAF4E2916AA6C0039D039 /* PhotoUploadView.swift */; };
		61AAAF512916AD270039D039 /* PhotoUploadSheet.swift in Sources */ = {isa = PBXBuildFile; fileRef = 61AAAF502916AD270039D039 /* PhotoUploadSheet.swift */; };
		61FEDDFA29292B3B00665942 /* CreateAnnounceMasterView.swift in Sources */ = {isa = PBXBuildFile; fileRef = 61FEDDF929292B3B00665942 /* CreateAnnounceMasterView.swift */; };
		61FEDDFE29293FF300665942 /* CategorySelection.swift in Sources */ = {isa = PBXBuildFile; fileRef = 61FEDDFD29293FF300665942 /* CategorySelection.swift */; };
		61FEDE002929412000665942 /* SelectionTitle.swift in Sources */ = {isa = PBXBuildFile; fileRef = 61FEDDFF2929412000665942 /* SelectionTitle.swift */; };
		61FEDE022929421700665942 /* SelectionCondition.swift in Sources */ = {isa = PBXBuildFile; fileRef = 61FEDE012929421700665942 /* SelectionCondition.swift */; };
		61FEDE042929427700665942 /* Address.swift in Sources */ = {isa = PBXBuildFile; fileRef = 61FEDE032929427700665942 /* Address.swift */; };
		61FEDE06292A35FB00665942 /* RecapCreateAnnounce.swift in Sources */ = {isa = PBXBuildFile; fileRef = 61FEDE05292A35FB00665942 /* RecapCreateAnnounce.swift */; };
		61FEDE08292A482900665942 /* StartPageCreateAnnounce.swift in Sources */ = {isa = PBXBuildFile; fileRef = 61FEDE07292A482900665942 /* StartPageCreateAnnounce.swift */; };
		61FEDE0A292B6A7F00665942 /* LoginRestrictedView.swift in Sources */ = {isa = PBXBuildFile; fileRef = 61FEDE09292B6A7F00665942 /* LoginRestrictedView.swift */; };
		61FEDE0C292B717200665942 /* MyAccountVM.swift in Sources */ = {isa = PBXBuildFile; fileRef = 61FEDE0B292B717200665942 /* MyAccountVM.swift */; };
		61FEDE22292D002700665942 /* FirebaseGeneralQuery.swift in Sources */ = {isa = PBXBuildFile; fileRef = 61FEDE21292D002700665942 /* FirebaseGeneralQuery.swift */; };
		61FEDE24292D18A300665942 /* FirebaseStorageGeneralQuery.swift in Sources */ = {isa = PBXBuildFile; fileRef = 61FEDE23292D18A300665942 /* FirebaseStorageGeneralQuery.swift */; };
		61FEDE28292E568600665942 /* SingleAnnounceView.swift in Sources */ = {isa = PBXBuildFile; fileRef = 61FEDE27292E568600665942 /* SingleAnnounceView.swift */; };
		61FEDE2B292E577F00665942 /* PhotoView.swift in Sources */ = {isa = PBXBuildFile; fileRef = 61FEDE2A292E577F00665942 /* PhotoView.swift */; };
		61FEDE2D292E721100665942 /* FavouriteHeartView.swift in Sources */ = {isa = PBXBuildFile; fileRef = 61FEDE2C292E721100665942 /* FavouriteHeartView.swift */; };
		61FEDE2F292FC69600665942 /* EmailSignInView.swift in Sources */ = {isa = PBXBuildFile; fileRef = 61FEDE2E292FC69600665942 /* EmailSignInView.swift */; };
		61FEDE32292FCAB000665942 /* FederatedSignInView.swift in Sources */ = {isa = PBXBuildFile; fileRef = 61FEDE31292FCAB000665942 /* FederatedSignInView.swift */; };
		61FF9D992916CB9900B6ADB9 /* Camera.swift in Sources */ = {isa = PBXBuildFile; fileRef = 61FF9D982916CB9900B6ADB9 /* Camera.swift */; };
		61FF9D9B2917C80100B6ADB9 /* CreateAnnounceFirebase.swift in Sources */ = {isa = PBXBuildFile; fileRef = 61FF9D9A2917C80100B6ADB9 /* CreateAnnounceFirebase.swift */; };
		61FF9D9D2917D51000B6ADB9 /* CreateAnnounce.swift in Sources */ = {isa = PBXBuildFile; fileRef = 61FF9D9C2917D51000B6ADB9 /* CreateAnnounce.swift */; };
		61FF9D9F2917D5A800B6ADB9 /* CreateAnnounceDI.swift in Sources */ = {isa = PBXBuildFile; fileRef = 61FF9D9E2917D5A800B6ADB9 /* CreateAnnounceDI.swift */; };
		61FF9DC1291958EC00B6ADB9 /* FireBaseFavourite.swift in Sources */ = {isa = PBXBuildFile; fileRef = 61FF9DC0291958EC00B6ADB9 /* FireBaseFavourite.swift */; };
		61FF9DC3291959CA00B6ADB9 /* Favourite.swift in Sources */ = {isa = PBXBuildFile; fileRef = 61FF9DC2291959CA00B6ADB9 /* Favourite.swift */; };
		61FF9DC529195F4400B6ADB9 /* FavouriteDomaine.swift in Sources */ = {isa = PBXBuildFile; fileRef = 61FF9DC429195F4400B6ADB9 /* FavouriteDomaine.swift */; };
		61FF9DC729196BF000B6ADB9 /* FavouriteVM.swift in Sources */ = {isa = PBXBuildFile; fileRef = 61FF9DC629196BF000B6ADB9 /* FavouriteVM.swift */; };
		61FF9DC929196C4500B6ADB9 /* FavouriteDI.swift in Sources */ = {isa = PBXBuildFile; fileRef = 61FF9DC829196C4500B6ADB9 /* FavouriteDI.swift */; };
		61FF9DCB29196D9B00B6ADB9 /* FavouriteView.swift in Sources */ = {isa = PBXBuildFile; fileRef = 61FF9DCA29196D9B00B6ADB9 /* FavouriteView.swift */; };
		61FF9DE2291E452000B6ADB9 /* AnnounceDetailedView.swift in Sources */ = {isa = PBXBuildFile; fileRef = 61FF9DE1291E452000B6ADB9 /* AnnounceDetailedView.swift */; };
		61FF9DE4291E484300B6ADB9 /* AnnounceDetailedViewVM.swift in Sources */ = {isa = PBXBuildFile; fileRef = 61FF9DE3291E484300B6ADB9 /* AnnounceDetailedViewVM.swift */; };
		61FF9DE6291F862B00B6ADB9 /* User.swift in Sources */ = {isa = PBXBuildFile; fileRef = 61FF9DE5291F862B00B6ADB9 /* User.swift */; };
		61FF9DE9291F8E6300B6ADB9 /* FirebaseUserProfile.swift in Sources */ = {isa = PBXBuildFile; fileRef = 61FF9DE8291F8E6300B6ADB9 /* FirebaseUserProfile.swift */; };
		61FF9DEB291F911D00B6ADB9 /* GetUserProfile.swift in Sources */ = {isa = PBXBuildFile; fileRef = 61FF9DEA291F911D00B6ADB9 /* GetUserProfile.swift */; };
		61FF9DED291F986500B6ADB9 /* UserProfileVM.swift in Sources */ = {isa = PBXBuildFile; fileRef = 61FF9DEC291F986500B6ADB9 /* UserProfileVM.swift */; };
		61FF9DEF291F98A300B6ADB9 /* UserDI.swift in Sources */ = {isa = PBXBuildFile; fileRef = 61FF9DEE291F98A300B6ADB9 /* UserDI.swift */; };
		61FF9DF1291FA18200B6ADB9 /* UserProfileView.swift in Sources */ = {isa = PBXBuildFile; fileRef = 61FF9DF0291FA18200B6ADB9 /* UserProfileView.swift */; };
		61FF9DF3291FE27700B6ADB9 /* WriteUserProfile.swift in Sources */ = {isa = PBXBuildFile; fileRef = 61FF9DF2291FE27700B6ADB9 /* WriteUserProfile.swift */; };
		61FF9DF52920EF9B00B6ADB9 /* MyAccountView.swift in Sources */ = {isa = PBXBuildFile; fileRef = 61FF9DF42920EF9B00B6ADB9 /* MyAccountView.swift */; };
		61FF9DF72920FD3A00B6ADB9 /* MyAnnouncesView.swift in Sources */ = {isa = PBXBuildFile; fileRef = 61FF9DF62920FD3A00B6ADB9 /* MyAnnouncesView.swift */; };
		61FF9DF9292102BB00B6ADB9 /* MyAnnounceVM.swift in Sources */ = {isa = PBXBuildFile; fileRef = 61FF9DF8292102BB00B6ADB9 /* MyAnnounceVM.swift */; };
		61FF9DFB2921530E00B6ADB9 /* Message.swift in Sources */ = {isa = PBXBuildFile; fileRef = 61FF9DFA2921530E00B6ADB9 /* Message.swift */; };
		61FF9DFE29215B1200B6ADB9 /* FirebaseMessage.swift in Sources */ = {isa = PBXBuildFile; fileRef = 61FF9DFD29215B1200B6ADB9 /* FirebaseMessage.swift */; };
		61FF9E00292162E700B6ADB9 /* MessageGet.swift in Sources */ = {isa = PBXBuildFile; fileRef = 61FF9DFF292162E700B6ADB9 /* MessageGet.swift */; };
		61FF9E022921648300B6ADB9 /* MessagesVM.swift in Sources */ = {isa = PBXBuildFile; fileRef = 61FF9E012921648300B6ADB9 /* MessagesVM.swift */; };
		61FF9E042921656900B6ADB9 /* MessagesView.swift in Sources */ = {isa = PBXBuildFile; fileRef = 61FF9E032921656900B6ADB9 /* MessagesView.swift */; };
		61FF9E062922390700B6ADB9 /* MessageAnnounceRowView.swift in Sources */ = {isa = PBXBuildFile; fileRef = 61FF9E052922390700B6ADB9 /* MessageAnnounceRowView.swift */; };
		61FF9E08292291C600B6ADB9 /* ChatView.swift in Sources */ = {isa = PBXBuildFile; fileRef = 61FF9E07292291C600B6ADB9 /* ChatView.swift */; };
		61FF9E0A2922981300B6ADB9 /* ChatVM.swift in Sources */ = {isa = PBXBuildFile; fileRef = 61FF9E092922981300B6ADB9 /* ChatVM.swift */; };
		61FF9E0C2923CFD300B6ADB9 /* MessageDI.swift in Sources */ = {isa = PBXBuildFile; fileRef = 61FF9E0B2923CFD300B6ADB9 /* MessageDI.swift */; };
		61FF9E0E2923D1AB00B6ADB9 /* MessageCreateUpdate.swift in Sources */ = {isa = PBXBuildFile; fileRef = 61FF9E0D2923D1AB00B6ADB9 /* MessageCreateUpdate.swift */; };
/* End PBXBuildFile section */

/* Begin PBXFileReference section */
		61AAAE8B290D879E0039D039 /* SecondHand3.app */ = {isa = PBXFileReference; explicitFileType = wrapper.application; includeInIndex = 0; path = SecondHand3.app; sourceTree = BUILT_PRODUCTS_DIR; };
		61AAAE8E290D879E0039D039 /* SecondHand3App.swift */ = {isa = PBXFileReference; lastKnownFileType = sourcecode.swift; path = SecondHand3App.swift; sourceTree = "<group>"; };
		61AAAE90290D879E0039D039 /* LoginView.swift */ = {isa = PBXFileReference; lastKnownFileType = sourcecode.swift; path = LoginView.swift; sourceTree = "<group>"; };
		61AAAE92290D879F0039D039 /* Assets.xcassets */ = {isa = PBXFileReference; lastKnownFileType = folder.assetcatalog; path = Assets.xcassets; sourceTree = "<group>"; };
		61AAAE95290D879F0039D039 /* Preview Assets.xcassets */ = {isa = PBXFileReference; lastKnownFileType = folder.assetcatalog; path = "Preview Assets.xcassets"; sourceTree = "<group>"; };
		61AAAE9C290D87E30039D039 /* GoogleService-Info.plist */ = {isa = PBXFileReference; fileEncoding = 4; lastKnownFileType = text.plist.xml; path = "GoogleService-Info.plist"; sourceTree = "<group>"; };
		61AAAE9E290D87F60039D039 /* Info.plist */ = {isa = PBXFileReference; lastKnownFileType = text.plist; path = Info.plist; sourceTree = "<group>"; };
		61AAAEA9290D8B1B0039D039 /* GoogleSignIn.swift */ = {isa = PBXFileReference; lastKnownFileType = sourcecode.swift; path = GoogleSignIn.swift; sourceTree = "<group>"; };
		61AAAEB0290D92D20039D039 /* fbSignIn.swift */ = {isa = PBXFileReference; lastKnownFileType = sourcecode.swift; path = fbSignIn.swift; sourceTree = "<group>"; };
		61AAAEB2290DD0F20039D039 /* FirebaseSignIn.swift */ = {isa = PBXFileReference; lastKnownFileType = sourcecode.swift; path = FirebaseSignIn.swift; sourceTree = "<group>"; };
		61AAAEB4290DD4820039D039 /* AppLogger.swift */ = {isa = PBXFileReference; lastKnownFileType = sourcecode.swift; path = AppLogger.swift; sourceTree = "<group>"; };
		61AAAEB9290E7A420039D039 /* DIAssembler.swift */ = {isa = PBXFileReference; lastKnownFileType = sourcecode.swift; path = DIAssembler.swift; sourceTree = "<group>"; };
		61AAAEBB290E7B790039D039 /* DI_Logger.swift */ = {isa = PBXFileReference; lastKnownFileType = sourcecode.swift; path = DI_Logger.swift; sourceTree = "<group>"; };
		61AAAEBF290EC10A0039D039 /* LoggingState.swift */ = {isa = PBXFileReference; lastKnownFileType = sourcecode.swift; path = LoggingState.swift; sourceTree = "<group>"; };
		61AAAEC2290FD04C0039D039 /* LoginVM.swift */ = {isa = PBXFileReference; lastKnownFileType = sourcecode.swift; path = LoginVM.swift; sourceTree = "<group>"; };
		61AAAEC4290FE5A10039D039 /* RegisterEmailView.swift */ = {isa = PBXFileReference; lastKnownFileType = sourcecode.swift; path = RegisterEmailView.swift; sourceTree = "<group>"; };
		61AAAEC6290FE6640039D039 /* RegisterEmailVM.swift */ = {isa = PBXFileReference; lastKnownFileType = sourcecode.swift; path = RegisterEmailVM.swift; sourceTree = "<group>"; };
		61AAAEC829103E4C0039D039 /* SignInWithCorrectProviderView.swift */ = {isa = PBXFileReference; lastKnownFileType = sourcecode.swift; path = SignInWithCorrectProviderView.swift; sourceTree = "<group>"; };
		61AAAECA29103E720039D039 /* SignInWithCorrectProviderVM.swift */ = {isa = PBXFileReference; lastKnownFileType = sourcecode.swift; path = SignInWithCorrectProviderVM.swift; sourceTree = "<group>"; };
		61AAAECC291045A10039D039 /* TestView.swift */ = {isa = PBXFileReference; lastKnownFileType = sourcecode.swift; path = TestView.swift; sourceTree = "<group>"; };
		61AAAECE29111D940039D039 /* Announce.swift */ = {isa = PBXFileReference; lastKnownFileType = sourcecode.swift; path = Announce.swift; sourceTree = "<group>"; };
		61AAAF19291126290039D039 /* AnnounceRepo.swift */ = {isa = PBXFileReference; lastKnownFileType = sourcecode.swift; path = AnnounceRepo.swift; sourceTree = "<group>"; };
		61AAAF1B291126560039D039 /* FirebaseAnnounce.swift */ = {isa = PBXFileReference; lastKnownFileType = sourcecode.swift; path = FirebaseAnnounce.swift; sourceTree = "<group>"; };
		61AAAF1D29112A340039D039 /* AnnounceView.swift */ = {isa = PBXFileReference; lastKnownFileType = sourcecode.swift; path = AnnounceView.swift; sourceTree = "<group>"; };
		61AAAF1F29112ADF0039D039 /* AnnouncesListVM.swift */ = {isa = PBXFileReference; lastKnownFileType = sourcecode.swift; path = AnnouncesListVM.swift; sourceTree = "<group>"; };
		61AAAF21291145790039D039 /* MainTabView.swift */ = {isa = PBXFileReference; lastKnownFileType = sourcecode.swift; path = MainTabView.swift; sourceTree = "<group>"; };
		61AAAF23291154D60039D039 /* getAnnounceDI.swift */ = {isa = PBXFileReference; lastKnownFileType = sourcecode.swift; path = getAnnounceDI.swift; sourceTree = "<group>"; };
		61AAAF2C29139A560039D039 /* FirebaseCategories.swift */ = {isa = PBXFileReference; lastKnownFileType = sourcecode.swift; path = FirebaseCategories.swift; sourceTree = "<group>"; };
		61AAAF2E29139AF90039D039 /* Category.swift */ = {isa = PBXFileReference; lastKnownFileType = sourcecode.swift; path = Category.swift; sourceTree = "<group>"; };
		61AAAF3029139CB20039D039 /* CategoriesViewVM.swift */ = {isa = PBXFileReference; lastKnownFileType = sourcecode.swift; path = CategoriesViewVM.swift; sourceTree = "<group>"; };
		61AAAF3229139CF60039D039 /* CategoriesDI.swift */ = {isa = PBXFileReference; lastKnownFileType = sourcecode.swift; path = CategoriesDI.swift; sourceTree = "<group>"; };
		61AAAF3429139E210039D039 /* listOfCategoriesView.swift */ = {isa = PBXFileReference; lastKnownFileType = sourcecode.swift; path = listOfCategoriesView.swift; sourceTree = "<group>"; };
		61AAAF36291413650039D039 /* SearchFilterView.swift */ = {isa = PBXFileReference; lastKnownFileType = sourcecode.swift; path = SearchFilterView.swift; sourceTree = "<group>"; };
		61AAAF38291421300039D039 /* SearchFilterVM.swift */ = {isa = PBXFileReference; lastKnownFileType = sourcecode.swift; path = SearchFilterVM.swift; sourceTree = "<group>"; };
		61AAAF3A2915177A0039D039 /* HomePageView.swift */ = {isa = PBXFileReference; lastKnownFileType = sourcecode.swift; path = HomePageView.swift; sourceTree = "<group>"; };
		61AAAF48291657700039D039 /* CreateAnnounceStartView.swift */ = {isa = PBXFileReference; lastKnownFileType = sourcecode.swift; path = CreateAnnounceStartView.swift; sourceTree = "<group>"; };
		61AAAF4A29165EE20039D039 /* CreateAnnounceVM.swift */ = {isa = PBXFileReference; lastKnownFileType = sourcecode.swift; path = CreateAnnounceVM.swift; sourceTree = "<group>"; };
		61AAAF4C2916A7830039D039 /* ImagePicker.swift */ = {isa = PBXFileReference; fileEncoding = 4; lastKnownFileType = sourcecode.swift; path = ImagePicker.swift; sourceTree = "<group>"; };
		61AAAF4E2916AA6C0039D039 /* PhotoUploadView.swift */ = {isa = PBXFileReference; lastKnownFileType = sourcecode.swift; path = PhotoUploadView.swift; sourceTree = "<group>"; };
		61AAAF502916AD270039D039 /* PhotoUploadSheet.swift */ = {isa = PBXFileReference; lastKnownFileType = sourcecode.swift; path = PhotoUploadSheet.swift; sourceTree = "<group>"; };
		61FEDDF929292B3B00665942 /* CreateAnnounceMasterView.swift */ = {isa = PBXFileReference; lastKnownFileType = sourcecode.swift; path = CreateAnnounceMasterView.swift; sourceTree = "<group>"; };
		61FEDDFD29293FF300665942 /* CategorySelection.swift */ = {isa = PBXFileReference; lastKnownFileType = sourcecode.swift; path = CategorySelection.swift; sourceTree = "<group>"; };
		61FEDDFF2929412000665942 /* SelectionTitle.swift */ = {isa = PBXFileReference; lastKnownFileType = sourcecode.swift; path = SelectionTitle.swift; sourceTree = "<group>"; };
		61FEDE012929421700665942 /* SelectionCondition.swift */ = {isa = PBXFileReference; lastKnownFileType = sourcecode.swift; path = SelectionCondition.swift; sourceTree = "<group>"; };
		61FEDE032929427700665942 /* Address.swift */ = {isa = PBXFileReference; lastKnownFileType = sourcecode.swift; path = Address.swift; sourceTree = "<group>"; };
		61FEDE05292A35FB00665942 /* RecapCreateAnnounce.swift */ = {isa = PBXFileReference; lastKnownFileType = sourcecode.swift; path = RecapCreateAnnounce.swift; sourceTree = "<group>"; };
		61FEDE07292A482900665942 /* StartPageCreateAnnounce.swift */ = {isa = PBXFileReference; lastKnownFileType = sourcecode.swift; path = StartPageCreateAnnounce.swift; sourceTree = "<group>"; };
		61FEDE09292B6A7F00665942 /* LoginRestrictedView.swift */ = {isa = PBXFileReference; lastKnownFileType = sourcecode.swift; path = LoginRestrictedView.swift; sourceTree = "<group>"; };
		61FEDE0B292B717200665942 /* MyAccountVM.swift */ = {isa = PBXFileReference; lastKnownFileType = sourcecode.swift; path = MyAccountVM.swift; sourceTree = "<group>"; };
		61FEDE21292D002700665942 /* FirebaseGeneralQuery.swift */ = {isa = PBXFileReference; lastKnownFileType = sourcecode.swift; path = FirebaseGeneralQuery.swift; sourceTree = "<group>"; };
		61FEDE23292D18A300665942 /* FirebaseStorageGeneralQuery.swift */ = {isa = PBXFileReference; lastKnownFileType = sourcecode.swift; path = FirebaseStorageGeneralQuery.swift; sourceTree = "<group>"; };
		61FEDE27292E568600665942 /* SingleAnnounceView.swift */ = {isa = PBXFileReference; lastKnownFileType = sourcecode.swift; path = SingleAnnounceView.swift; sourceTree = "<group>"; };
		61FEDE2A292E577F00665942 /* PhotoView.swift */ = {isa = PBXFileReference; lastKnownFileType = sourcecode.swift; path = PhotoView.swift; sourceTree = "<group>"; };
		61FEDE2C292E721100665942 /* FavouriteHeartView.swift */ = {isa = PBXFileReference; lastKnownFileType = sourcecode.swift; path = FavouriteHeartView.swift; sourceTree = "<group>"; };
		61FEDE2E292FC69600665942 /* EmailSignInView.swift */ = {isa = PBXFileReference; lastKnownFileType = sourcecode.swift; path = EmailSignInView.swift; sourceTree = "<group>"; };
		61FEDE31292FCAB000665942 /* FederatedSignInView.swift */ = {isa = PBXFileReference; lastKnownFileType = sourcecode.swift; path = FederatedSignInView.swift; sourceTree = "<group>"; };
		61FF9D982916CB9900B6ADB9 /* Camera.swift */ = {isa = PBXFileReference; lastKnownFileType = sourcecode.swift; path = Camera.swift; sourceTree = "<group>"; };
		61FF9D9A2917C80100B6ADB9 /* CreateAnnounceFirebase.swift */ = {isa = PBXFileReference; lastKnownFileType = sourcecode.swift; path = CreateAnnounceFirebase.swift; sourceTree = "<group>"; };
		61FF9D9C2917D51000B6ADB9 /* CreateAnnounce.swift */ = {isa = PBXFileReference; lastKnownFileType = sourcecode.swift; path = CreateAnnounce.swift; sourceTree = "<group>"; };
		61FF9D9E2917D5A800B6ADB9 /* CreateAnnounceDI.swift */ = {isa = PBXFileReference; lastKnownFileType = sourcecode.swift; path = CreateAnnounceDI.swift; sourceTree = "<group>"; };
		61FF9DC0291958EC00B6ADB9 /* FireBaseFavourite.swift */ = {isa = PBXFileReference; lastKnownFileType = sourcecode.swift; path = FireBaseFavourite.swift; sourceTree = "<group>"; };
		61FF9DC2291959CA00B6ADB9 /* Favourite.swift */ = {isa = PBXFileReference; lastKnownFileType = sourcecode.swift; path = Favourite.swift; sourceTree = "<group>"; };
		61FF9DC429195F4400B6ADB9 /* FavouriteDomaine.swift */ = {isa = PBXFileReference; lastKnownFileType = sourcecode.swift; path = FavouriteDomaine.swift; sourceTree = "<group>"; };
		61FF9DC629196BF000B6ADB9 /* FavouriteVM.swift */ = {isa = PBXFileReference; lastKnownFileType = sourcecode.swift; path = FavouriteVM.swift; sourceTree = "<group>"; };
		61FF9DC829196C4500B6ADB9 /* FavouriteDI.swift */ = {isa = PBXFileReference; lastKnownFileType = sourcecode.swift; path = FavouriteDI.swift; sourceTree = "<group>"; };
		61FF9DCA29196D9B00B6ADB9 /* FavouriteView.swift */ = {isa = PBXFileReference; lastKnownFileType = sourcecode.swift; path = FavouriteView.swift; sourceTree = "<group>"; };
		61FF9DE1291E452000B6ADB9 /* AnnounceDetailedView.swift */ = {isa = PBXFileReference; lastKnownFileType = sourcecode.swift; path = AnnounceDetailedView.swift; sourceTree = "<group>"; };
		61FF9DE3291E484300B6ADB9 /* AnnounceDetailedViewVM.swift */ = {isa = PBXFileReference; lastKnownFileType = sourcecode.swift; path = AnnounceDetailedViewVM.swift; sourceTree = "<group>"; };
		61FF9DE5291F862B00B6ADB9 /* User.swift */ = {isa = PBXFileReference; lastKnownFileType = sourcecode.swift; path = User.swift; sourceTree = "<group>"; };
		61FF9DE8291F8E6300B6ADB9 /* FirebaseUserProfile.swift */ = {isa = PBXFileReference; lastKnownFileType = sourcecode.swift; path = FirebaseUserProfile.swift; sourceTree = "<group>"; };
		61FF9DEA291F911D00B6ADB9 /* GetUserProfile.swift */ = {isa = PBXFileReference; lastKnownFileType = sourcecode.swift; path = GetUserProfile.swift; sourceTree = "<group>"; };
		61FF9DEC291F986500B6ADB9 /* UserProfileVM.swift */ = {isa = PBXFileReference; lastKnownFileType = sourcecode.swift; path = UserProfileVM.swift; sourceTree = "<group>"; };
		61FF9DEE291F98A300B6ADB9 /* UserDI.swift */ = {isa = PBXFileReference; lastKnownFileType = sourcecode.swift; path = UserDI.swift; sourceTree = "<group>"; };
		61FF9DF0291FA18200B6ADB9 /* UserProfileView.swift */ = {isa = PBXFileReference; lastKnownFileType = sourcecode.swift; path = UserProfileView.swift; sourceTree = "<group>"; };
		61FF9DF2291FE27700B6ADB9 /* WriteUserProfile.swift */ = {isa = PBXFileReference; lastKnownFileType = sourcecode.swift; path = WriteUserProfile.swift; sourceTree = "<group>"; };
		61FF9DF42920EF9B00B6ADB9 /* MyAccountView.swift */ = {isa = PBXFileReference; lastKnownFileType = sourcecode.swift; path = MyAccountView.swift; sourceTree = "<group>"; };
		61FF9DF62920FD3A00B6ADB9 /* MyAnnouncesView.swift */ = {isa = PBXFileReference; lastKnownFileType = sourcecode.swift; path = MyAnnouncesView.swift; sourceTree = "<group>"; };
		61FF9DF8292102BB00B6ADB9 /* MyAnnounceVM.swift */ = {isa = PBXFileReference; lastKnownFileType = sourcecode.swift; path = MyAnnounceVM.swift; sourceTree = "<group>"; };
		61FF9DFA2921530E00B6ADB9 /* Message.swift */ = {isa = PBXFileReference; lastKnownFileType = sourcecode.swift; path = Message.swift; sourceTree = "<group>"; };
		61FF9DFD29215B1200B6ADB9 /* FirebaseMessage.swift */ = {isa = PBXFileReference; lastKnownFileType = sourcecode.swift; path = FirebaseMessage.swift; sourceTree = "<group>"; };
		61FF9DFF292162E700B6ADB9 /* MessageGet.swift */ = {isa = PBXFileReference; lastKnownFileType = sourcecode.swift; path = MessageGet.swift; sourceTree = "<group>"; };
		61FF9E012921648300B6ADB9 /* MessagesVM.swift */ = {isa = PBXFileReference; lastKnownFileType = sourcecode.swift; path = MessagesVM.swift; sourceTree = "<group>"; };
		61FF9E032921656900B6ADB9 /* MessagesView.swift */ = {isa = PBXFileReference; lastKnownFileType = sourcecode.swift; path = MessagesView.swift; sourceTree = "<group>"; };
		61FF9E052922390700B6ADB9 /* MessageAnnounceRowView.swift */ = {isa = PBXFileReference; lastKnownFileType = sourcecode.swift; path = MessageAnnounceRowView.swift; sourceTree = "<group>"; };
		61FF9E07292291C600B6ADB9 /* ChatView.swift */ = {isa = PBXFileReference; lastKnownFileType = sourcecode.swift; path = ChatView.swift; sourceTree = "<group>"; };
		61FF9E092922981300B6ADB9 /* ChatVM.swift */ = {isa = PBXFileReference; lastKnownFileType = sourcecode.swift; path = ChatVM.swift; sourceTree = "<group>"; };
		61FF9E0B2923CFD300B6ADB9 /* MessageDI.swift */ = {isa = PBXFileReference; lastKnownFileType = sourcecode.swift; path = MessageDI.swift; sourceTree = "<group>"; };
		61FF9E0D2923D1AB00B6ADB9 /* MessageCreateUpdate.swift */ = {isa = PBXFileReference; lastKnownFileType = sourcecode.swift; path = MessageCreateUpdate.swift; sourceTree = "<group>"; };
/* End PBXFileReference section */

/* Begin PBXFrameworksBuildPhase section */
		61AAAE88290D879E0039D039 /* Frameworks */ = {
			isa = PBXFrameworksBuildPhase;
			buildActionMask = 2147483647;
			files = (
				61AAAF2A291274110039D039 /* NukeUI in Frameworks */,
				61AAAEAD290D90F90039D039 /* FacebookCore in Frameworks */,
				61AAAF0B291124350039D039 /* FirebaseAuth in Frameworks */,
				61AAAEB8290DD4E00039D039 /* Swinject in Frameworks */,
				61AAAF11291124350039D039 /* FirebaseFirestoreCombine-Community in Frameworks */,
				61AAAEAF290D90F90039D039 /* FacebookLogin in Frameworks */,
				61AAAF13291124350039D039 /* FirebaseFirestoreSwift in Frameworks */,
				61AAAEA6290D89280039D039 /* GoogleSignIn in Frameworks */,
				61AAAF0F291124350039D039 /* FirebaseFirestore in Frameworks */,
				61AAAF15291124350039D039 /* FirebaseStorage in Frameworks */,
				61AAAF0D291124350039D039 /* FirebaseAuthCombine-Community in Frameworks */,
				61AAAF17291124350039D039 /* FirebaseStorageCombine-Community in Frameworks */,
				61AAAEA8290D89280039D039 /* GoogleSignInSwift in Frameworks */,
			);
			runOnlyForDeploymentPostprocessing = 0;
		};
/* End PBXFrameworksBuildPhase section */

/* Begin PBXGroup section */
		61AAAE82290D879E0039D039 = {
			isa = PBXGroup;
			children = (
				61AAAE8D290D879E0039D039 /* SecondHand3 */,
				61AAAE8C290D879E0039D039 /* Products */,
			);
			sourceTree = "<group>";
		};
		61AAAE8C290D879E0039D039 /* Products */ = {
			isa = PBXGroup;
			children = (
				61AAAE8B290D879E0039D039 /* SecondHand3.app */,
			);
			name = Products;
			sourceTree = "<group>";
		};
		61AAAE8D290D879E0039D039 /* SecondHand3 */ = {
			isa = PBXGroup;
			children = (
				61AAAECC291045A10039D039 /* TestView.swift */,
				61AAAE9E290D87F60039D039 /* Info.plist */,
				61AAAE9C290D87E30039D039 /* GoogleService-Info.plist */,
				61AAAE8E290D879E0039D039 /* SecondHand3App.swift */,
				61AAAF21291145790039D039 /* MainTabView.swift */,
				61FEDE17292CC63100665942 /* Utilities */,
				61FEDE0D292CC36E00665942 /* Announces */,
				61FF9DFC2921531400B6ADB9 /* Messages */,
				61FF9DE7291F863400B6ADB9 /* User */,
				61FF9DBD2919585A00B6ADB9 /* Favourite */,
				61AAAF2B29139A260039D039 /* Categories */,
				61AAAEBD290E7C8A0039D039 /* Login */,
				61AAAE92290D879F0039D039 /* Assets.xcassets */,
				61AAAE94290D879F0039D039 /* Preview Content */,
			);
			path = SecondHand3;
			sourceTree = "<group>";
		};
		61AAAE94290D879F0039D039 /* Preview Content */ = {
			isa = PBXGroup;
			children = (
				61AAAE95290D879F0039D039 /* Preview Assets.xcassets */,
			);
			path = "Preview Content";
			sourceTree = "<group>";
		};
		61AAAEBD290E7C8A0039D039 /* Login */ = {
			isa = PBXGroup;
			children = (
				61FEDE20292CCB2A00665942 /* LogInStateWrapper */,
				61FEDE1F292CC96300665942 /* Logic */,
				61AAAF46291650180039D039 /* Utilities */,
				61AAAEC1290FCC550039D039 /* Presentation */,
				61AAAEBE290E7CC50039D039 /* Sources */,
			);
			path = Login;
			sourceTree = "<group>";
		};
		61AAAEBE290E7CC50039D039 /* Sources */ = {
			isa = PBXGroup;
			children = (
				61AAAEB0290D92D20039D039 /* fbSignIn.swift */,
				61AAAEA9290D8B1B0039D039 /* GoogleSignIn.swift */,
				61AAAEB2290DD0F20039D039 /* FirebaseSignIn.swift */,
			);
			path = Sources;
			sourceTree = "<group>";
		};
		61AAAEC1290FCC550039D039 /* Presentation */ = {
			isa = PBXGroup;
			children = (
				61AAAE90290D879E0039D039 /* LoginView.swift */,
				61AAAEC2290FD04C0039D039 /* LoginVM.swift */,
				61FEDE30292FCA3B00665942 /* Components */,
				61AAAEC829103E4C0039D039 /* SignInWithCorrectProviderView.swift */,
				61AAAECA29103E720039D039 /* SignInWithCorrectProviderVM.swift */,
				61AAAEC4290FE5A10039D039 /* RegisterEmailView.swift */,
				61AAAEC6290FE6640039D039 /* RegisterEmailVM.swift */,
				61FEDE09292B6A7F00665942 /* LoginRestrictedView.swift */,
			);
			path = Presentation;
			sourceTree = "<group>";
		};
		61AAAF18291125E60039D039 /* GetAnnounce */ = {
			isa = PBXGroup;
			children = (
				61FEDE0E292CC4BE00665942 /* LogicGetAnnounce */,
				61AAAF4529164FF00039D039 /* Utilities */,
				61AAAF4429164FD20039D039 /* DataSource */,
				61AAAF4029164EF00039D039 /* Presentation */,
			);
			path = GetAnnounce;
			sourceTree = "<group>";
		};
		61AAAF2B29139A260039D039 /* Categories */ = {
			isa = PBXGroup;
			children = (
				61AAAF3F29164EA40039D039 /* Utilities */,
				61AAAF3E29164E940039D039 /* DataSource */,
				61AAAF3D29164E660039D039 /* Model */,
				61AAAF3C29164E4E0039D039 /* Presentation */,
			);
			path = Categories;
			sourceTree = "<group>";
		};
		61AAAF3C29164E4E0039D039 /* Presentation */ = {
			isa = PBXGroup;
			children = (
				61AAAF3429139E210039D039 /* listOfCategoriesView.swift */,
				61AAAF3029139CB20039D039 /* CategoriesViewVM.swift */,
			);
			path = Presentation;
			sourceTree = "<group>";
		};
		61AAAF3D29164E660039D039 /* Model */ = {
			isa = PBXGroup;
			children = (
				61AAAF2E29139AF90039D039 /* Category.swift */,
			);
			path = Model;
			sourceTree = "<group>";
		};
		61AAAF3E29164E940039D039 /* DataSource */ = {
			isa = PBXGroup;
			children = (
				61AAAF2C29139A560039D039 /* FirebaseCategories.swift */,
			);
			path = DataSource;
			sourceTree = "<group>";
		};
		61AAAF3F29164EA40039D039 /* Utilities */ = {
			isa = PBXGroup;
			children = (
				61AAAF3229139CF60039D039 /* CategoriesDI.swift */,
			);
			path = Utilities;
			sourceTree = "<group>";
		};
		61AAAF4029164EF00039D039 /* Presentation */ = {
			isa = PBXGroup;
			children = (
				61AAAF3A2915177A0039D039 /* HomePageView.swift */,
				61AAAF4229164F300039D039 /* Announces */,
				61AAAF4129164F060039D039 /* Filters */,
			);
			path = Presentation;
			sourceTree = "<group>";
		};
		61AAAF4129164F060039D039 /* Filters */ = {
			isa = PBXGroup;
			children = (
				61AAAF36291413650039D039 /* SearchFilterView.swift */,
				61AAAF38291421300039D039 /* SearchFilterVM.swift */,
			);
			path = Filters;
			sourceTree = "<group>";
		};
		61AAAF4229164F300039D039 /* Announces */ = {
			isa = PBXGroup;
			children = (
				61AAAF1D29112A340039D039 /* AnnounceView.swift */,
				61AAAF1F29112ADF0039D039 /* AnnouncesListVM.swift */,
				61FEDE29292E56FF00665942 /* Components */,
				61FF9DE1291E452000B6ADB9 /* AnnounceDetailedView.swift */,
				61FF9DE3291E484300B6ADB9 /* AnnounceDetailedViewVM.swift */,
			);
			path = Announces;
			sourceTree = "<group>";
		};
		61AAAF4329164F560039D039 /* Model */ = {
			isa = PBXGroup;
			children = (
				61AAAECE29111D940039D039 /* Announce.swift */,
			);
			path = Model;
			sourceTree = "<group>";
		};
		61AAAF4429164FD20039D039 /* DataSource */ = {
			isa = PBXGroup;
			children = (
				61AAAF1B291126560039D039 /* FirebaseAnnounce.swift */,
			);
			path = DataSource;
			sourceTree = "<group>";
		};
		61AAAF4529164FF00039D039 /* Utilities */ = {
			isa = PBXGroup;
			children = (
				61AAAF23291154D60039D039 /* getAnnounceDI.swift */,
			);
			path = Utilities;
			sourceTree = "<group>";
		};
		61AAAF46291650180039D039 /* Utilities */ = {
			isa = PBXGroup;
			children = (
				61AAAEBB290E7B790039D039 /* DI_Logger.swift */,
			);
			path = Utilities;
			sourceTree = "<group>";
		};
		61AAAF472916572C0039D039 /* createAnnouce */ = {
			isa = PBXGroup;
			children = (
				61FF9DCF291BE43B00B6ADB9 /* Presentation */,
				61FF9DD2291BE51300B6ADB9 /* LogicCreateAnnounce */,
				61FF9DD1291BE4B700B6ADB9 /* Utilities */,
				61FF9DCE291BE42600B6ADB9 /* DataSource */,
			);
			path = createAnnouce;
			sourceTree = "<group>";
		};
		61FEDDFB29293FA000665942 /* TestToIgnore */ = {
			isa = PBXGroup;
			children = (
				61FEDDF929292B3B00665942 /* CreateAnnounceMasterView.swift */,
			);
			path = TestToIgnore;
			sourceTree = "<group>";
		};
		61FEDDFC29293FB300665942 /* Components */ = {
			isa = PBXGroup;
			children = (
				61FEDDFD29293FF300665942 /* CategorySelection.swift */,
				61FEDDFF2929412000665942 /* SelectionTitle.swift */,
				61FEDE012929421700665942 /* SelectionCondition.swift */,
				61AAAF4E2916AA6C0039D039 /* PhotoUploadView.swift */,
				61AAAF502916AD270039D039 /* PhotoUploadSheet.swift */,
				61FEDE032929427700665942 /* Address.swift */,
				61FEDE05292A35FB00665942 /* RecapCreateAnnounce.swift */,
			);
			path = Components;
			sourceTree = "<group>";
		};
		61FEDE0D292CC36E00665942 /* Announces */ = {
			isa = PBXGroup;
			children = (
				61AAAF4329164F560039D039 /* Model */,
				61AAAF18291125E60039D039 /* GetAnnounce */,
				61AAAF472916572C0039D039 /* createAnnouce */,
			);
			path = Announces;
			sourceTree = "<group>";
		};
		61FEDE0E292CC4BE00665942 /* LogicGetAnnounce */ = {
			isa = PBXGroup;
			children = (
				61AAAF19291126290039D039 /* AnnounceRepo.swift */,
			);
			path = LogicGetAnnounce;
			sourceTree = "<group>";
		};
		61FEDE0F292CC51200665942 /* DataSource */ = {
			isa = PBXGroup;
			children = (
				61FF9DFD29215B1200B6ADB9 /* FirebaseMessage.swift */,
			);
			path = DataSource;
			sourceTree = "<group>";
		};
		61FEDE10292CC51F00665942 /* Utilities */ = {
			isa = PBXGroup;
			children = (
				61FF9E0B2923CFD300B6ADB9 /* MessageDI.swift */,
			);
			path = Utilities;
			sourceTree = "<group>";
		};
		61FEDE11292CC54100665942 /* Presentation */ = {
			isa = PBXGroup;
			children = (
				61FEDE13292CC58000665942 /* SingleChat */,
				61FEDE12292CC55000665942 /* ListOfChats */,
			);
			path = Presentation;
			sourceTree = "<group>";
		};
		61FEDE12292CC55000665942 /* ListOfChats */ = {
			isa = PBXGroup;
			children = (
				61FF9E032921656900B6ADB9 /* MessagesView.swift */,
				61FF9E012921648300B6ADB9 /* MessagesVM.swift */,
				61FEDE14292CC5AC00665942 /* Components */,
			);
			path = ListOfChats;
			sourceTree = "<group>";
		};
		61FEDE13292CC58000665942 /* SingleChat */ = {
			isa = PBXGroup;
			children = (
				61FF9E07292291C600B6ADB9 /* ChatView.swift */,
				61FF9E092922981300B6ADB9 /* ChatVM.swift */,
			);
			path = SingleChat;
			sourceTree = "<group>";
		};
		61FEDE14292CC5AC00665942 /* Components */ = {
			isa = PBXGroup;
			children = (
				61FF9E052922390700B6ADB9 /* MessageAnnounceRowView.swift */,
			);
			path = Components;
			sourceTree = "<group>";
		};
		61FEDE15292CC5E100665942 /* Model */ = {
			isa = PBXGroup;
			children = (
				61FF9DFA2921530E00B6ADB9 /* Message.swift */,
			);
			path = Model;
			sourceTree = "<group>";
		};
		61FEDE16292CC5EE00665942 /* Logic */ = {
			isa = PBXGroup;
			children = (
				61FF9DFF292162E700B6ADB9 /* MessageGet.swift */,
				61FF9E0D2923D1AB00B6ADB9 /* MessageCreateUpdate.swift */,
			);
			path = Logic;
			sourceTree = "<group>";
		};
		61FEDE17292CC63100665942 /* Utilities */ = {
			isa = PBXGroup;
			children = (
				61FEDE26292E534200665942 /* DI */,
				61FEDE25292D715D00665942 /* DataSource */,
				61FEDE18292CC64D00665942 /* SharedView */,
			);
			path = Utilities;
			sourceTree = "<group>";
		};
		61FEDE18292CC64D00665942 /* SharedView */ = {
			isa = PBXGroup;
			children = (
				61FEDE2C292E721100665942 /* FavouriteHeartView.swift */,
				61FF9DD0291BE44D00B6ADB9 /* Photo */,
			);
			path = SharedView;
			sourceTree = "<group>";
		};
		61FEDE19292CC6CB00665942 /* Model */ = {
			isa = PBXGroup;
			children = (
				61FF9DE5291F862B00B6ADB9 /* User.swift */,
			);
			path = Model;
			sourceTree = "<group>";
		};
		61FEDE1A292CC6DE00665942 /* Utilities */ = {
			isa = PBXGroup;
			children = (
				61FF9DEE291F98A300B6ADB9 /* UserDI.swift */,
			);
			path = Utilities;
			sourceTree = "<group>";
		};
		61FEDE1B292CC70E00665942 /* Presentation */ = {
			isa = PBXGroup;
			children = (
				61FF9DF42920EF9B00B6ADB9 /* MyAccountView.swift */,
				61FEDE0B292B717200665942 /* MyAccountVM.swift */,
				61FF9DF62920FD3A00B6ADB9 /* MyAnnouncesView.swift */,
				61FF9DF8292102BB00B6ADB9 /* MyAnnounceVM.swift */,
				61FF9DF0291FA18200B6ADB9 /* UserProfileView.swift */,
				61FF9DEC291F986500B6ADB9 /* UserProfileVM.swift */,
			);
			path = Presentation;
			sourceTree = "<group>";
		};
		61FEDE1C292CC76000665942 /* DataSource */ = {
			isa = PBXGroup;
			children = (
				61FF9DE8291F8E6300B6ADB9 /* FirebaseUserProfile.swift */,
			);
			path = DataSource;
			sourceTree = "<group>";
		};
		61FEDE1D292CC78400665942 /* Logic */ = {
			isa = PBXGroup;
			children = (
				61FF9DF2291FE27700B6ADB9 /* WriteUserProfile.swift */,
				61FF9DEA291F911D00B6ADB9 /* GetUserProfile.swift */,
			);
			path = Logic;
			sourceTree = "<group>";
		};
		61FEDE1E292CC8BC00665942 /* Logic */ = {
			isa = PBXGroup;
			children = (
				61FF9DC429195F4400B6ADB9 /* FavouriteDomaine.swift */,
			);
			path = Logic;
			sourceTree = "<group>";
		};
		61FEDE1F292CC96300665942 /* Logic */ = {
			isa = PBXGroup;
			children = (
				61AAAEB4290DD4820039D039 /* AppLogger.swift */,
			);
			path = Logic;
			sourceTree = "<group>";
		};
		61FEDE20292CCB2A00665942 /* LogInStateWrapper */ = {
			isa = PBXGroup;
			children = (
				61AAAEBF290EC10A0039D039 /* LoggingState.swift */,
			);
			path = LogInStateWrapper;
			sourceTree = "<group>";
		};
		61FEDE25292D715D00665942 /* DataSource */ = {
			isa = PBXGroup;
			children = (
				61FEDE21292D002700665942 /* FirebaseGeneralQuery.swift */,
				61FEDE23292D18A300665942 /* FirebaseStorageGeneralQuery.swift */,
			);
			path = DataSource;
			sourceTree = "<group>";
		};
		61FEDE26292E534200665942 /* DI */ = {
			isa = PBXGroup;
			children = (
				61AAAEB9290E7A420039D039 /* DIAssembler.swift */,
			);
			path = DI;
			sourceTree = "<group>";
		};
		61FEDE29292E56FF00665942 /* Components */ = {
			isa = PBXGroup;
			children = (
				61FEDE27292E568600665942 /* SingleAnnounceView.swift */,
			);
			path = Components;
			sourceTree = "<group>";
		};
		61FEDE30292FCA3B00665942 /* Components */ = {
			isa = PBXGroup;
			children = (
				61FEDE2E292FC69600665942 /* EmailSignInView.swift */,
				61FEDE31292FCAB000665942 /* FederatedSignInView.swift */,
			);
			path = Components;
			sourceTree = "<group>";
		};
		61FF9DBD2919585A00B6ADB9 /* Favourite */ = {
			isa = PBXGroup;
			children = (
				61FF9DD4291BE7B300B6ADB9 /* Presentation */,
				61FEDE1E292CC8BC00665942 /* Logic */,
				61FF9DD6291BE7D500B6ADB9 /* DataSource */,
				61FF9DD5291BE7C100B6ADB9 /* Utilities */,
				61FF9DD3291BE75B00B6ADB9 /* Model */,
			);
			path = Favourite;
			sourceTree = "<group>";
		};
		61FF9DCE291BE42600B6ADB9 /* DataSource */ = {
			isa = PBXGroup;
			children = (
				61FF9D9A2917C80100B6ADB9 /* CreateAnnounceFirebase.swift */,
			);
			path = DataSource;
			sourceTree = "<group>";
		};
		61FF9DCF291BE43B00B6ADB9 /* Presentation */ = {
			isa = PBXGroup;
			children = (
				61FEDE07292A482900665942 /* StartPageCreateAnnounce.swift */,
				61AAAF48291657700039D039 /* CreateAnnounceStartView.swift */,
				61AAAF4A29165EE20039D039 /* CreateAnnounceVM.swift */,
				61FEDDFC29293FB300665942 /* Components */,
				61FEDDFB29293FA000665942 /* TestToIgnore */,
			);
			path = Presentation;
			sourceTree = "<group>";
		};
		61FF9DD0291BE44D00B6ADB9 /* Photo */ = {
			isa = PBXGroup;
			children = (
				61AAAF4C2916A7830039D039 /* ImagePicker.swift */,
				61FF9D982916CB9900B6ADB9 /* Camera.swift */,
				61FEDE2A292E577F00665942 /* PhotoView.swift */,
			);
			path = Photo;
			sourceTree = "<group>";
		};
		61FF9DD1291BE4B700B6ADB9 /* Utilities */ = {
			isa = PBXGroup;
			children = (
				61FF9D9E2917D5A800B6ADB9 /* CreateAnnounceDI.swift */,
			);
			path = Utilities;
			sourceTree = "<group>";
		};
		61FF9DD2291BE51300B6ADB9 /* LogicCreateAnnounce */ = {
			isa = PBXGroup;
			children = (
				61FF9D9C2917D51000B6ADB9 /* CreateAnnounce.swift */,
			);
			path = LogicCreateAnnounce;
			sourceTree = "<group>";
		};
		61FF9DD3291BE75B00B6ADB9 /* Model */ = {
			isa = PBXGroup;
			children = (
				61FF9DC2291959CA00B6ADB9 /* Favourite.swift */,
			);
			path = Model;
			sourceTree = "<group>";
		};
		61FF9DD4291BE7B300B6ADB9 /* Presentation */ = {
			isa = PBXGroup;
			children = (
				61FF9DC629196BF000B6ADB9 /* FavouriteVM.swift */,
				61FF9DCA29196D9B00B6ADB9 /* FavouriteView.swift */,
			);
			path = Presentation;
			sourceTree = "<group>";
		};
		61FF9DD5291BE7C100B6ADB9 /* Utilities */ = {
			isa = PBXGroup;
			children = (
				61FF9DC829196C4500B6ADB9 /* FavouriteDI.swift */,
			);
			path = Utilities;
			sourceTree = "<group>";
		};
		61FF9DD6291BE7D500B6ADB9 /* DataSource */ = {
			isa = PBXGroup;
			children = (
				61FF9DC0291958EC00B6ADB9 /* FireBaseFavourite.swift */,
			);
			path = DataSource;
			sourceTree = "<group>";
		};
		61FF9DE7291F863400B6ADB9 /* User */ = {
			isa = PBXGroup;
			children = (
				61FEDE1D292CC78400665942 /* Logic */,
				61FEDE1C292CC76000665942 /* DataSource */,
				61FEDE19292CC6CB00665942 /* Model */,
				61FEDE1A292CC6DE00665942 /* Utilities */,
				61FEDE1B292CC70E00665942 /* Presentation */,
			);
			path = User;
			sourceTree = "<group>";
		};
		61FF9DFC2921531400B6ADB9 /* Messages */ = {
			isa = PBXGroup;
			children = (
				61FEDE16292CC5EE00665942 /* Logic */,
				61FEDE15292CC5E100665942 /* Model */,
				61FEDE10292CC51F00665942 /* Utilities */,
				61FEDE0F292CC51200665942 /* DataSource */,
				61FEDE11292CC54100665942 /* Presentation */,
			);
			path = Messages;
			sourceTree = "<group>";
		};
/* End PBXGroup section */

/* Begin PBXNativeTarget section */
		61AAAE8A290D879E0039D039 /* SecondHand3 */ = {
			isa = PBXNativeTarget;
			buildConfigurationList = 61AAAE99290D879F0039D039 /* Build configuration list for PBXNativeTarget "SecondHand3" */;
			buildPhases = (
				61AAAE87290D879E0039D039 /* Sources */,
				61AAAE88290D879E0039D039 /* Frameworks */,
				61AAAE89290D879E0039D039 /* Resources */,
			);
			buildRules = (
			);
			dependencies = (
			);
			name = SecondHand3;
			packageProductDependencies = (
				61AAAEA5290D89280039D039 /* GoogleSignIn */,
				61AAAEA7290D89280039D039 /* GoogleSignInSwift */,
				61AAAEAC290D90F90039D039 /* FacebookCore */,
				61AAAEAE290D90F90039D039 /* FacebookLogin */,
				61AAAEB7290DD4E00039D039 /* Swinject */,
				61AAAF0A291124350039D039 /* FirebaseAuth */,
				61AAAF0C291124350039D039 /* FirebaseAuthCombine-Community */,
				61AAAF0E291124350039D039 /* FirebaseFirestore */,
				61AAAF10291124350039D039 /* FirebaseFirestoreCombine-Community */,
				61AAAF12291124350039D039 /* FirebaseFirestoreSwift */,
				61AAAF14291124350039D039 /* FirebaseStorage */,
				61AAAF16291124350039D039 /* FirebaseStorageCombine-Community */,
				61AAAF29291274110039D039 /* NukeUI */,
			);
			productName = SecondHand3;
			productReference = 61AAAE8B290D879E0039D039 /* SecondHand3.app */;
			productType = "com.apple.product-type.application";
		};
/* End PBXNativeTarget section */

/* Begin PBXProject section */
		61AAAE83290D879E0039D039 /* Project object */ = {
			isa = PBXProject;
			attributes = {
				BuildIndependentTargetsInParallel = 1;
				LastSwiftUpdateCheck = 1400;
				LastUpgradeCheck = 1400;
				TargetAttributes = {
					61AAAE8A290D879E0039D039 = {
						CreatedOnToolsVersion = 14.0;
					};
				};
			};
			buildConfigurationList = 61AAAE86290D879E0039D039 /* Build configuration list for PBXProject "SecondHand3" */;
			compatibilityVersion = "Xcode 14.0";
			developmentRegion = en;
			hasScannedForEncodings = 0;
			knownRegions = (
				en,
				Base,
			);
			mainGroup = 61AAAE82290D879E0039D039;
			packageReferences = (
				61AAAEA4290D89280039D039 /* XCRemoteSwiftPackageReference "GoogleSignIn-iOS" */,
				61AAAEAB290D90F90039D039 /* XCRemoteSwiftPackageReference "facebook-ios-sdk" */,
				61AAAEB6290DD4E00039D039 /* XCRemoteSwiftPackageReference "Swinject" */,
				61AAAF09291124350039D039 /* XCRemoteSwiftPackageReference "firebase-ios-sdk" */,
				61AAAF28291274110039D039 /* XCRemoteSwiftPackageReference "NukeUI" */,
			);
			productRefGroup = 61AAAE8C290D879E0039D039 /* Products */;
			projectDirPath = "";
			projectRoot = "";
			targets = (
				61AAAE8A290D879E0039D039 /* SecondHand3 */,
			);
		};
/* End PBXProject section */

/* Begin PBXResourcesBuildPhase section */
		61AAAE89290D879E0039D039 /* Resources */ = {
			isa = PBXResourcesBuildPhase;
			buildActionMask = 2147483647;
			files = (
				61AAAE96290D879F0039D039 /* Preview Assets.xcassets in Resources */,
				61AAAE9D290D87E30039D039 /* GoogleService-Info.plist in Resources */,
				61AAAE93290D879F0039D039 /* Assets.xcassets in Resources */,
			);
			runOnlyForDeploymentPostprocessing = 0;
		};
/* End PBXResourcesBuildPhase section */

/* Begin PBXSourcesBuildPhase section */
		61AAAE87290D879E0039D039 /* Sources */ = {
			isa = PBXSourcesBuildPhase;
			buildActionMask = 2147483647;
			files = (
				61AAAF37291413650039D039 /* SearchFilterView.swift in Sources */,
				61FF9E022921648300B6ADB9 /* MessagesVM.swift in Sources */,
				61AAAECF29111D940039D039 /* Announce.swift in Sources */,
				61AAAECB29103E720039D039 /* SignInWithCorrectProviderVM.swift in Sources */,
				61FEDE2F292FC69600665942 /* EmailSignInView.swift in Sources */,
				61FF9E08292291C600B6ADB9 /* ChatView.swift in Sources */,
				61FF9D9F2917D5A800B6ADB9 /* CreateAnnounceDI.swift in Sources */,
				61FF9DC1291958EC00B6ADB9 /* FireBaseFavourite.swift in Sources */,
				61AAAEC5290FE5A10039D039 /* RegisterEmailView.swift in Sources */,
				61FEDE24292D18A300665942 /* FirebaseStorageGeneralQuery.swift in Sources */,
				61FEDE06292A35FB00665942 /* RecapCreateAnnounce.swift in Sources */,
				61AAAF3B2915177A0039D039 /* HomePageView.swift in Sources */,
				61FF9DE9291F8E6300B6ADB9 /* FirebaseUserProfile.swift in Sources */,
				61FF9E00292162E700B6ADB9 /* MessageGet.swift in Sources */,
				61FF9E042921656900B6ADB9 /* MessagesView.swift in Sources */,
				61FF9DEB291F911D00B6ADB9 /* GetUserProfile.swift in Sources */,
				61FF9DCB29196D9B00B6ADB9 /* FavouriteView.swift in Sources */,
				61FEDDFE29293FF300665942 /* CategorySelection.swift in Sources */,
				61FF9E0C2923CFD300B6ADB9 /* MessageDI.swift in Sources */,
				61FF9DF1291FA18200B6ADB9 /* UserProfileView.swift in Sources */,
				61FEDE22292D002700665942 /* FirebaseGeneralQuery.swift in Sources */,
				61AAAEC929103E4C0039D039 /* SignInWithCorrectProviderView.swift in Sources */,
				61AAAEBA290E7A420039D039 /* DIAssembler.swift in Sources */,
				61AAAEB3290DD0F20039D039 /* FirebaseSignIn.swift in Sources */,
				61FF9D992916CB9900B6ADB9 /* Camera.swift in Sources */,
				61FEDE0C292B717200665942 /* MyAccountVM.swift in Sources */,
				61AAAEC0290EC10A0039D039 /* LoggingState.swift in Sources */,
				61AAAF1E29112A340039D039 /* AnnounceView.swift in Sources */,
				61AAAECD291045A10039D039 /* TestView.swift in Sources */,
				61FF9DE2291E452000B6ADB9 /* AnnounceDetailedView.swift in Sources */,
				61AAAEAA290D8B1B0039D039 /* GoogleSignIn.swift in Sources */,
				61FF9DEF291F98A300B6ADB9 /* UserDI.swift in Sources */,
				61AAAF3329139CF60039D039 /* CategoriesDI.swift in Sources */,
				61AAAEC3290FD04C0039D039 /* LoginVM.swift in Sources */,
				61AAAF22291145790039D039 /* MainTabView.swift in Sources */,
				61FF9DE6291F862B00B6ADB9 /* User.swift in Sources */,
				61AAAEB1290D92D20039D039 /* fbSignIn.swift in Sources */,
				61AAAEB5290DD4820039D039 /* AppLogger.swift in Sources */,
				61AAAF2D29139A560039D039 /* FirebaseCategories.swift in Sources */,
				61AAAF4D2916A7830039D039 /* ImagePicker.swift in Sources */,
				61FF9DC929196C4500B6ADB9 /* FavouriteDI.swift in Sources */,
				61AAAF3129139CB20039D039 /* CategoriesViewVM.swift in Sources */,
				61AAAEC7290FE6640039D039 /* RegisterEmailVM.swift in Sources */,
				61FEDE32292FCAB000665942 /* FederatedSignInView.swift in Sources */,
				61FF9DE4291E484300B6ADB9 /* AnnounceDetailedViewVM.swift in Sources */,
				61FEDE08292A482900665942 /* StartPageCreateAnnounce.swift in Sources */,
				61FF9DFB2921530E00B6ADB9 /* Message.swift in Sources */,
				61FF9E0E2923D1AB00B6ADB9 /* MessageCreateUpdate.swift in Sources */,
				61FF9DC3291959CA00B6ADB9 /* Favourite.swift in Sources */,
				61FF9D9D2917D51000B6ADB9 /* CreateAnnounce.swift in Sources */,
				61FF9E062922390700B6ADB9 /* MessageAnnounceRowView.swift in Sources */,
				61FF9DF72920FD3A00B6ADB9 /* MyAnnouncesView.swift in Sources */,
				61AAAF1C291126560039D039 /* FirebaseAnnounce.swift in Sources */,
				61AAAF512916AD270039D039 /* PhotoUploadSheet.swift in Sources */,
				61AAAF4F2916AA6C0039D039 /* PhotoUploadView.swift in Sources */,
				61AAAF2F29139AF90039D039 /* Category.swift in Sources */,
				61AAAF49291657700039D039 /* CreateAnnounceStartView.swift in Sources */,
				61FF9DC529195F4400B6ADB9 /* FavouriteDomaine.swift in Sources */,
				61AAAE91290D879E0039D039 /* LoginView.swift in Sources */,
				61FF9E0A2922981300B6ADB9 /* ChatVM.swift in Sources */,
				61FF9DF9292102BB00B6ADB9 /* MyAnnounceVM.swift in Sources */,
				61FEDE042929427700665942 /* Address.swift in Sources */,
				61FEDE002929412000665942 /* SelectionTitle.swift in Sources */,
				61AAAEBC290E7B790039D039 /* DI_Logger.swift in Sources */,
				61FEDE0A292B6A7F00665942 /* LoginRestrictedView.swift in Sources */,
				61FEDE2B292E577F00665942 /* PhotoView.swift in Sources */,
				61AAAF24291154D60039D039 /* getAnnounceDI.swift in Sources */,
				61AAAF2029112ADF0039D039 /* AnnouncesListVM.swift in Sources */,
				61AAAF1A291126290039D039 /* AnnounceRepo.swift in Sources */,
				61FEDE28292E568600665942 /* SingleAnnounceView.swift in Sources */,
				61AAAF3529139E210039D039 /* listOfCategoriesView.swift in Sources */,
				61FF9DF52920EF9B00B6ADB9 /* MyAccountView.swift in Sources */,
				61FEDE022929421700665942 /* SelectionCondition.swift in Sources */,
				61FEDDFA29292B3B00665942 /* CreateAnnounceMasterView.swift in Sources */,
				61AAAE8F290D879E0039D039 /* SecondHand3App.swift in Sources */,
				61FF9DFE29215B1200B6ADB9 /* FirebaseMessage.swift in Sources */,
				61FEDE2D292E721100665942 /* FavouriteHeartView.swift in Sources */,
				61FF9DF3291FE27700B6ADB9 /* WriteUserProfile.swift in Sources */,
				61FF9DC729196BF000B6ADB9 /* FavouriteVM.swift in Sources */,
				61FF9D9B2917C80100B6ADB9 /* CreateAnnounceFirebase.swift in Sources */,
				61AAAF39291421300039D039 /* SearchFilterVM.swift in Sources */,
				61FF9DED291F986500B6ADB9 /* UserProfileVM.swift in Sources */,
				61AAAF4B29165EE20039D039 /* CreateAnnounceVM.swift in Sources */,
			);
			runOnlyForDeploymentPostprocessing = 0;
		};
/* End PBXSourcesBuildPhase section */

/* Begin XCBuildConfiguration section */
		61AAAE97290D879F0039D039 /* Debug */ = {
			isa = XCBuildConfiguration;
			buildSettings = {
				ALWAYS_SEARCH_USER_PATHS = NO;
				CLANG_ANALYZER_NONNULL = YES;
				CLANG_ANALYZER_NUMBER_OBJECT_CONVERSION = YES_AGGRESSIVE;
				CLANG_CXX_LANGUAGE_STANDARD = "gnu++20";
				CLANG_ENABLE_MODULES = YES;
				CLANG_ENABLE_OBJC_ARC = YES;
				CLANG_ENABLE_OBJC_WEAK = YES;
				CLANG_WARN_BLOCK_CAPTURE_AUTORELEASING = YES;
				CLANG_WARN_BOOL_CONVERSION = YES;
				CLANG_WARN_COMMA = YES;
				CLANG_WARN_CONSTANT_CONVERSION = YES;
				CLANG_WARN_DEPRECATED_OBJC_IMPLEMENTATIONS = YES;
				CLANG_WARN_DIRECT_OBJC_ISA_USAGE = YES_ERROR;
				CLANG_WARN_DOCUMENTATION_COMMENTS = YES;
				CLANG_WARN_EMPTY_BODY = YES;
				CLANG_WARN_ENUM_CONVERSION = YES;
				CLANG_WARN_INFINITE_RECURSION = YES;
				CLANG_WARN_INT_CONVERSION = YES;
				CLANG_WARN_NON_LITERAL_NULL_CONVERSION = YES;
				CLANG_WARN_OBJC_IMPLICIT_RETAIN_SELF = YES;
				CLANG_WARN_OBJC_LITERAL_CONVERSION = YES;
				CLANG_WARN_OBJC_ROOT_CLASS = YES_ERROR;
				CLANG_WARN_QUOTED_INCLUDE_IN_FRAMEWORK_HEADER = YES;
				CLANG_WARN_RANGE_LOOP_ANALYSIS = YES;
				CLANG_WARN_STRICT_PROTOTYPES = YES;
				CLANG_WARN_SUSPICIOUS_MOVE = YES;
				CLANG_WARN_UNGUARDED_AVAILABILITY = YES_AGGRESSIVE;
				CLANG_WARN_UNREACHABLE_CODE = YES;
				CLANG_WARN__DUPLICATE_METHOD_MATCH = YES;
				COPY_PHASE_STRIP = NO;
				DEBUG_INFORMATION_FORMAT = dwarf;
				ENABLE_STRICT_OBJC_MSGSEND = YES;
				ENABLE_TESTABILITY = YES;
				GCC_C_LANGUAGE_STANDARD = gnu11;
				GCC_DYNAMIC_NO_PIC = NO;
				GCC_NO_COMMON_BLOCKS = YES;
				GCC_OPTIMIZATION_LEVEL = 0;
				GCC_PREPROCESSOR_DEFINITIONS = (
					"DEBUG=1",
					"$(inherited)",
				);
				GCC_WARN_64_TO_32_BIT_CONVERSION = YES;
				GCC_WARN_ABOUT_RETURN_TYPE = YES_ERROR;
				GCC_WARN_UNDECLARED_SELECTOR = YES;
				GCC_WARN_UNINITIALIZED_AUTOS = YES_AGGRESSIVE;
				GCC_WARN_UNUSED_FUNCTION = YES;
				GCC_WARN_UNUSED_VARIABLE = YES;
				IPHONEOS_DEPLOYMENT_TARGET = 16.0;
				MTL_ENABLE_DEBUG_INFO = INCLUDE_SOURCE;
				MTL_FAST_MATH = YES;
				ONLY_ACTIVE_ARCH = YES;
				SDKROOT = iphoneos;
				SWIFT_ACTIVE_COMPILATION_CONDITIONS = DEBUG;
				SWIFT_OPTIMIZATION_LEVEL = "-Onone";
			};
			name = Debug;
		};
		61AAAE98290D879F0039D039 /* Release */ = {
			isa = XCBuildConfiguration;
			buildSettings = {
				ALWAYS_SEARCH_USER_PATHS = NO;
				CLANG_ANALYZER_NONNULL = YES;
				CLANG_ANALYZER_NUMBER_OBJECT_CONVERSION = YES_AGGRESSIVE;
				CLANG_CXX_LANGUAGE_STANDARD = "gnu++20";
				CLANG_ENABLE_MODULES = YES;
				CLANG_ENABLE_OBJC_ARC = YES;
				CLANG_ENABLE_OBJC_WEAK = YES;
				CLANG_WARN_BLOCK_CAPTURE_AUTORELEASING = YES;
				CLANG_WARN_BOOL_CONVERSION = YES;
				CLANG_WARN_COMMA = YES;
				CLANG_WARN_CONSTANT_CONVERSION = YES;
				CLANG_WARN_DEPRECATED_OBJC_IMPLEMENTATIONS = YES;
				CLANG_WARN_DIRECT_OBJC_ISA_USAGE = YES_ERROR;
				CLANG_WARN_DOCUMENTATION_COMMENTS = YES;
				CLANG_WARN_EMPTY_BODY = YES;
				CLANG_WARN_ENUM_CONVERSION = YES;
				CLANG_WARN_INFINITE_RECURSION = YES;
				CLANG_WARN_INT_CONVERSION = YES;
				CLANG_WARN_NON_LITERAL_NULL_CONVERSION = YES;
				CLANG_WARN_OBJC_IMPLICIT_RETAIN_SELF = YES;
				CLANG_WARN_OBJC_LITERAL_CONVERSION = YES;
				CLANG_WARN_OBJC_ROOT_CLASS = YES_ERROR;
				CLANG_WARN_QUOTED_INCLUDE_IN_FRAMEWORK_HEADER = YES;
				CLANG_WARN_RANGE_LOOP_ANALYSIS = YES;
				CLANG_WARN_STRICT_PROTOTYPES = YES;
				CLANG_WARN_SUSPICIOUS_MOVE = YES;
				CLANG_WARN_UNGUARDED_AVAILABILITY = YES_AGGRESSIVE;
				CLANG_WARN_UNREACHABLE_CODE = YES;
				CLANG_WARN__DUPLICATE_METHOD_MATCH = YES;
				COPY_PHASE_STRIP = NO;
				DEBUG_INFORMATION_FORMAT = "dwarf-with-dsym";
				ENABLE_NS_ASSERTIONS = NO;
				ENABLE_STRICT_OBJC_MSGSEND = YES;
				GCC_C_LANGUAGE_STANDARD = gnu11;
				GCC_NO_COMMON_BLOCKS = YES;
				GCC_WARN_64_TO_32_BIT_CONVERSION = YES;
				GCC_WARN_ABOUT_RETURN_TYPE = YES_ERROR;
				GCC_WARN_UNDECLARED_SELECTOR = YES;
				GCC_WARN_UNINITIALIZED_AUTOS = YES_AGGRESSIVE;
				GCC_WARN_UNUSED_FUNCTION = YES;
				GCC_WARN_UNUSED_VARIABLE = YES;
				IPHONEOS_DEPLOYMENT_TARGET = 16.0;
				MTL_ENABLE_DEBUG_INFO = NO;
				MTL_FAST_MATH = YES;
				SDKROOT = iphoneos;
				SWIFT_COMPILATION_MODE = wholemodule;
				SWIFT_OPTIMIZATION_LEVEL = "-O";
				VALIDATE_PRODUCT = YES;
			};
			name = Release;
		};
		61AAAE9A290D879F0039D039 /* Debug */ = {
			isa = XCBuildConfiguration;
			buildSettings = {
				ASSETCATALOG_COMPILER_APPICON_NAME = AppIcon;
				ASSETCATALOG_COMPILER_GLOBAL_ACCENT_COLOR_NAME = AccentColor;
				CODE_SIGN_STYLE = Automatic;
				CURRENT_PROJECT_VERSION = 1;
				DEVELOPMENT_ASSET_PATHS = "\"SecondHand3/Preview Content\"";
				DEVELOPMENT_TEAM = 7FAYNZLSH6;
				ENABLE_PREVIEWS = YES;
				GENERATE_INFOPLIST_FILE = YES;
				INFOPLIST_FILE = SecondHand3/Info.plist;
				INFOPLIST_KEY_NSCameraUsageDescription = "We want to use your camera so you can upload photo";
				INFOPLIST_KEY_UIApplicationSceneManifest_Generation = YES;
				INFOPLIST_KEY_UIApplicationSupportsIndirectInputEvents = YES;
				INFOPLIST_KEY_UILaunchScreen_Generation = YES;
				INFOPLIST_KEY_UISupportedInterfaceOrientations_iPad = "UIInterfaceOrientationPortrait UIInterfaceOrientationPortraitUpsideDown UIInterfaceOrientationLandscapeLeft UIInterfaceOrientationLandscapeRight";
				INFOPLIST_KEY_UISupportedInterfaceOrientations_iPhone = "UIInterfaceOrientationPortrait UIInterfaceOrientationLandscapeLeft UIInterfaceOrientationLandscapeRight";
				LD_RUNPATH_SEARCH_PATHS = (
					"$(inherited)",
					"@executable_path/Frameworks",
				);
				MARKETING_VERSION = 1.0;
				PRODUCT_BUNDLE_IDENTIFIER = me.szakal.benjamin.SecondHand3;
				PRODUCT_NAME = "$(TARGET_NAME)";
				SWIFT_EMIT_LOC_STRINGS = YES;
				SWIFT_VERSION = 5.0;
				TARGETED_DEVICE_FAMILY = "1,2";
			};
			name = Debug;
		};
		61AAAE9B290D879F0039D039 /* Release */ = {
			isa = XCBuildConfiguration;
			buildSettings = {
				ASSETCATALOG_COMPILER_APPICON_NAME = AppIcon;
				ASSETCATALOG_COMPILER_GLOBAL_ACCENT_COLOR_NAME = AccentColor;
				CODE_SIGN_STYLE = Automatic;
				CURRENT_PROJECT_VERSION = 1;
				DEVELOPMENT_ASSET_PATHS = "\"SecondHand3/Preview Content\"";
				DEVELOPMENT_TEAM = 7FAYNZLSH6;
				ENABLE_PREVIEWS = YES;
				GENERATE_INFOPLIST_FILE = YES;
				INFOPLIST_FILE = SecondHand3/Info.plist;
				INFOPLIST_KEY_NSCameraUsageDescription = "We want to use your camera so you can upload photo";
				INFOPLIST_KEY_UIApplicationSceneManifest_Generation = YES;
				INFOPLIST_KEY_UIApplicationSupportsIndirectInputEvents = YES;
				INFOPLIST_KEY_UILaunchScreen_Generation = YES;
				INFOPLIST_KEY_UISupportedInterfaceOrientations_iPad = "UIInterfaceOrientationPortrait UIInterfaceOrientationPortraitUpsideDown UIInterfaceOrientationLandscapeLeft UIInterfaceOrientationLandscapeRight";
				INFOPLIST_KEY_UISupportedInterfaceOrientations_iPhone = "UIInterfaceOrientationPortrait UIInterfaceOrientationLandscapeLeft UIInterfaceOrientationLandscapeRight";
				LD_RUNPATH_SEARCH_PATHS = (
					"$(inherited)",
					"@executable_path/Frameworks",
				);
				MARKETING_VERSION = 1.0;
				PRODUCT_BUNDLE_IDENTIFIER = me.szakal.benjamin.SecondHand3;
				PRODUCT_NAME = "$(TARGET_NAME)";
				SWIFT_EMIT_LOC_STRINGS = YES;
				SWIFT_VERSION = 5.0;
				TARGETED_DEVICE_FAMILY = "1,2";
			};
			name = Release;
		};
/* End XCBuildConfiguration section */

/* Begin XCConfigurationList section */
		61AAAE86290D879E0039D039 /* Build configuration list for PBXProject "SecondHand3" */ = {
			isa = XCConfigurationList;
			buildConfigurations = (
				61AAAE97290D879F0039D039 /* Debug */,
				61AAAE98290D879F0039D039 /* Release */,
			);
			defaultConfigurationIsVisible = 0;
			defaultConfigurationName = Release;
		};
		61AAAE99290D879F0039D039 /* Build configuration list for PBXNativeTarget "SecondHand3" */ = {
			isa = XCConfigurationList;
			buildConfigurations = (
				61AAAE9A290D879F0039D039 /* Debug */,
				61AAAE9B290D879F0039D039 /* Release */,
			);
			defaultConfigurationIsVisible = 0;
			defaultConfigurationName = Release;
		};
/* End XCConfigurationList section */

/* Begin XCRemoteSwiftPackageReference section */
		61AAAEA4290D89280039D039 /* XCRemoteSwiftPackageReference "GoogleSignIn-iOS" */ = {
			isa = XCRemoteSwiftPackageReference;
			repositoryURL = "https://github.com/google/GoogleSignIn-iOS";
			requirement = {
				kind = upToNextMajorVersion;
				minimumVersion = 6.0.0;
			};
		};
		61AAAEAB290D90F90039D039 /* XCRemoteSwiftPackageReference "facebook-ios-sdk" */ = {
			isa = XCRemoteSwiftPackageReference;
			repositoryURL = "https://github.com/facebook/facebook-ios-sdk";
			requirement = {
				kind = upToNextMajorVersion;
				minimumVersion = 9.0.0;
			};
		};
		61AAAEB6290DD4E00039D039 /* XCRemoteSwiftPackageReference "Swinject" */ = {
			isa = XCRemoteSwiftPackageReference;
			repositoryURL = "https://github.com/Swinject/Swinject.git";
			requirement = {
				branch = master;
				kind = branch;
			};
		};
		61AAAF09291124350039D039 /* XCRemoteSwiftPackageReference "firebase-ios-sdk" */ = {
			isa = XCRemoteSwiftPackageReference;
			repositoryURL = "https://github.com/firebase/firebase-ios-sdk.git";
			requirement = {
				branch = master;
				kind = branch;
			};
		};
		61AAAF28291274110039D039 /* XCRemoteSwiftPackageReference "NukeUI" */ = {
			isa = XCRemoteSwiftPackageReference;
			repositoryURL = "https://github.com/kean/NukeUI";
			requirement = {
				branch = main;
				kind = branch;
			};
		};
/* End XCRemoteSwiftPackageReference section */

/* Begin XCSwiftPackageProductDependency section */
		61AAAEA5290D89280039D039 /* GoogleSignIn */ = {
			isa = XCSwiftPackageProductDependency;
			package = 61AAAEA4290D89280039D039 /* XCRemoteSwiftPackageReference "GoogleSignIn-iOS" */;
			productName = GoogleSignIn;
		};
		61AAAEA7290D89280039D039 /* GoogleSignInSwift */ = {
			isa = XCSwiftPackageProductDependency;
			package = 61AAAEA4290D89280039D039 /* XCRemoteSwiftPackageReference "GoogleSignIn-iOS" */;
			productName = GoogleSignInSwift;
		};
		61AAAEAC290D90F90039D039 /* FacebookCore */ = {
			isa = XCSwiftPackageProductDependency;
			package = 61AAAEAB290D90F90039D039 /* XCRemoteSwiftPackageReference "facebook-ios-sdk" */;
			productName = FacebookCore;
		};
		61AAAEAE290D90F90039D039 /* FacebookLogin */ = {
			isa = XCSwiftPackageProductDependency;
			package = 61AAAEAB290D90F90039D039 /* XCRemoteSwiftPackageReference "facebook-ios-sdk" */;
			productName = FacebookLogin;
		};
		61AAAEB7290DD4E00039D039 /* Swinject */ = {
			isa = XCSwiftPackageProductDependency;
			package = 61AAAEB6290DD4E00039D039 /* XCRemoteSwiftPackageReference "Swinject" */;
			productName = Swinject;
		};
		61AAAF0A291124350039D039 /* FirebaseAuth */ = {
			isa = XCSwiftPackageProductDependency;
			package = 61AAAF09291124350039D039 /* XCRemoteSwiftPackageReference "firebase-ios-sdk" */;
			productName = FirebaseAuth;
		};
		61AAAF0C291124350039D039 /* FirebaseAuthCombine-Community */ = {
			isa = XCSwiftPackageProductDependency;
			package = 61AAAF09291124350039D039 /* XCRemoteSwiftPackageReference "firebase-ios-sdk" */;
			productName = "FirebaseAuthCombine-Community";
		};
		61AAAF0E291124350039D039 /* FirebaseFirestore */ = {
			isa = XCSwiftPackageProductDependency;
			package = 61AAAF09291124350039D039 /* XCRemoteSwiftPackageReference "firebase-ios-sdk" */;
			productName = FirebaseFirestore;
		};
		61AAAF10291124350039D039 /* FirebaseFirestoreCombine-Community */ = {
			isa = XCSwiftPackageProductDependency;
			package = 61AAAF09291124350039D039 /* XCRemoteSwiftPackageReference "firebase-ios-sdk" */;
			productName = "FirebaseFirestoreCombine-Community";
		};
		61AAAF12291124350039D039 /* FirebaseFirestoreSwift */ = {
			isa = XCSwiftPackageProductDependency;
			package = 61AAAF09291124350039D039 /* XCRemoteSwiftPackageReference "firebase-ios-sdk" */;
			productName = FirebaseFirestoreSwift;
		};
		61AAAF14291124350039D039 /* FirebaseStorage */ = {
			isa = XCSwiftPackageProductDependency;
			package = 61AAAF09291124350039D039 /* XCRemoteSwiftPackageReference "firebase-ios-sdk" */;
			productName = FirebaseStorage;
		};
		61AAAF16291124350039D039 /* FirebaseStorageCombine-Community */ = {
			isa = XCSwiftPackageProductDependency;
			package = 61AAAF09291124350039D039 /* XCRemoteSwiftPackageReference "firebase-ios-sdk" */;
			productName = "FirebaseStorageCombine-Community";
		};
		61AAAF29291274110039D039 /* NukeUI */ = {
			isa = XCSwiftPackageProductDependency;
			package = 61AAAF28291274110039D039 /* XCRemoteSwiftPackageReference "NukeUI" */;
			productName = NukeUI;
		};
/* End XCSwiftPackageProductDependency section */
	};
	rootObject = 61AAAE83290D879E0039D039 /* Project object */;
}
